
Microsoft Visual Studio Solution File, Format Version 12.00
# Visual Studio Version 17
VisualStudioVersion = 17.6.33712.159
MinimumVisualStudioVersion = 10.0.40219.1
Project("{FAE04EC0-301F-11D3-BF4B-00C04F79EFBC}") = "jeuDesLumière", "jeuDesLumière\jeuDesLumière.csproj", "{BDB77CEF-2F8E-4E4F-A589-7EA059DFC685}"
EndProject
Global
	GlobalSection(SolutionConfigurationPlatforms) = preSolution
		Debug|Any CPU = Debug|Any CPU
		Release|Any CPU = Release|Any CPU
	EndGlobalSection
	GlobalSection(ProjectConfigurationPlatforms) = postSolution
		{BDB77CEF-2F8E-4E4F-A589-7EA059DFC685}.Debug|Any CPU.ActiveCfg = Debug|Any CPU
		{BDB77CEF-2F8E-4E4F-A589-7EA059DFC685}.Debug|Any CPU.Build.0 = Debug|Any CPU
		{BDB77CEF-2F8E-4E4F-A589-7EA059DFC685}.Release|Any CPU.ActiveCfg = Release|Any CPU
		{BDB77CEF-2F8E-4E4F-A589-7EA059DFC685}.Release|Any CPU.Build.0 = Release|Any CPU
	EndGlobalSection
	GlobalSection(SolutionProperties) = preSolution
		HideSolutionNode = FALSE
	EndGlobalSection
	GlobalSection(ExtensibilityGlobals) = postSolution
		SolutionGuid = {2FB84FBC-5675-49BD-BD5E-9307B18886B2}
	EndGlobalSection
EndGlobal
